
Microsoft Visual Studio Solution File, Format Version 12.00
# Visual Studio Version 17
VisualStudioVersion = 17.7.34221.43
MinimumVisualStudioVersion = 10.0.40219.1
Project("{FAE04EC0-301F-11D3-BF4B-00C04F79EFBC}") = "CS_Using_HashSet", "CS_Using_HashSet\CS_Using_HashSet.csproj", "{FF5898CC-5898-42D9-81ED-49F3E8ADBC0E}"
EndProject
Global
	GlobalSection(SolutionConfigurationPlatforms) = preSolution
		Debug|Any CPU = Debug|Any CPU
		Release|Any CPU = Release|Any CPU
	EndGlobalSection
	GlobalSection(ProjectConfigurationPlatforms) = postSolution
		{FF5898CC-5898-42D9-81ED-49F3E8ADBC0E}.Debug|Any CPU.ActiveCfg = Debug|Any CPU
		{FF5898CC-5898-42D9-81ED-49F3E8ADBC0E}.Debug|Any CPU.Build.0 = Debug|Any CPU
		{FF5898CC-5898-42D9-81ED-49F3E8ADBC0E}.Release|Any CPU.ActiveCfg = Release|Any CPU
		{FF5898CC-5898-42D9-81ED-49F3E8ADBC0E}.Release|Any CPU.Build.0 = Release|Any CPU
	EndGlobalSection
	GlobalSection(SolutionProperties) = preSolution
		HideSolutionNode = FALSE
	EndGlobalSection
	GlobalSection(ExtensibilityGlobals) = postSolution
		SolutionGuid = {EBD4EDD3-EE26-41C1-98CD-5BEA390C0C9D}
	EndGlobalSection
EndGlobal
